
Microsoft Visual Studio Solution File, Format Version 12.00
# Visual Studio Version 17
VisualStudioVersion = 17.5.002.0
MinimumVisualStudioVersion = 10.0.40219.1
Project("{2150E333-8FDC-42A3-9474-1A3956D46DE8}") = "2024", "2024", "{178845F8-ED88-44F7-B3D4-A4976B0032AD}"
EndProject
Project("{9A19103F-16F7-4668-BE54-9A1E7A4F7556}") = "03", "2024\03\03.csproj", "{B2CF849D-0F62-4887-BFFE-7A53BCCCEBF6}"
EndProject
Global
	GlobalSection(SolutionConfigurationPlatforms) = preSolution
		Debug|Any CPU = Debug|Any CPU
		Release|Any CPU = Release|Any CPU
	EndGlobalSection
	GlobalSection(ProjectConfigurationPlatforms) = postSolution
		{B2CF849D-0F62-4887-BFFE-7A53BCCCEBF6}.Debug|Any CPU.ActiveCfg = Debug|Any CPU
		{B2CF849D-0F62-4887-BFFE-7A53BCCCEBF6}.Debug|Any CPU.Build.0 = Debug|Any CPU
		{B2CF849D-0F62-4887-BFFE-7A53BCCCEBF6}.Release|Any CPU.ActiveCfg = Release|Any CPU
		{B2CF849D-0F62-4887-BFFE-7A53BCCCEBF6}.Release|Any CPU.Build.0 = Release|Any CPU
	EndGlobalSection
	GlobalSection(SolutionProperties) = preSolution
		HideSolutionNode = FALSE
	EndGlobalSection
	GlobalSection(NestedProjects) = preSolution
		{B2CF849D-0F62-4887-BFFE-7A53BCCCEBF6} = {178845F8-ED88-44F7-B3D4-A4976B0032AD}
	EndGlobalSection
	GlobalSection(ExtensibilityGlobals) = postSolution
		SolutionGuid = {4BF66DE0-3E1C-420C-AC0E-9202355E4A75}
	EndGlobalSection
EndGlobal
